github.com/hentan/task13 v1.0.0 h1:KBFa2fzqh9x6Nmg3I3MH/QF790GarrfElxzaD2Apvic=
github.com/hentan/task13 v1.0.0/go.mod h1:qGhwGRE6DkrjnIWcFhUVFulhC0+a8v03Ow0lP691ixU=
github.com/hentan/task13 v1.1.0 h1:QZS/FOfX6PTqDhKbNhNbPIjH83DmOavk8GWe2Eu32FM=
github.com/hentan/task13 v1.1.0/go.mod h1:qGhwGRE6DkrjnIWcFhUVFulhC0+a8v03Ow0lP691ixU=
github.com/hentan/task13/v2 v2.0.0 h1:gYLQErs55am2qUoPQOqVJL8NNZ8C7RiLR+0dNAC3EOQ=
github.com/hentan/task13/v2 v2.0.0/go.mod h1:nj/osMO3nXn+x0m0PJiVbn/7z3vRVG+7csys/nSVL1k=
github.com/hentan/task13/v2 v2.1.0 h1:vKnA2kEMxeaoHy1o1CKkkCJksZC0ni4ngBRd8DmRu4s=
github.com/hentan/task13/v2 v2.1.0/go.mod h1:nj/osMO3nXn+x0m0PJiVbn/7z3vRVG+7csys/nSVL1k=
