github.com/hentan/task10 v1.0.0 h1:0wlTr5MCGhlGcWqae24oCnF48ZwfPDv0q3OoK18XNro=
github.com/hentan/task10 v1.0.0/go.mod h1:pyRLdJi78pSglTTCrxukaav9HZbO8ZMGrb91d41Yvek=
github.com/hentan/task10 v1.1.0 h1:yutKrdpTm8norzNiMh5fKsM1QVa8nisHSK/CwadkmcM=
github.com/hentan/task10 v1.1.0/go.mod h1:pyRLdJi78pSglTTCrxukaav9HZbO8ZMGrb91d41Yvek=
